
Microsoft Visual Studio Solution File, Format Version 12.00
# Visual Studio 15
VisualStudioVersion = 15.0.27130.2027
MinimumVisualStudioVersion = 10.0.40219.1
Project("{F184B08F-C81C-45F6-A57F-5ABD9991F28F}") = "rms", "rms\rms.vbproj", "{5A45BF58-4F03-4EE4-B960-B2A012F51C2A}"
EndProject
Global
	GlobalSection(SolutionConfigurationPlatforms) = preSolution
		Debug|Any CPU = Debug|Any CPU
		Debug|x64 = Debug|x64
		Release|Any CPU = Release|Any CPU
		Release|x64 = Release|x64
	EndGlobalSection
	GlobalSection(ProjectConfigurationPlatforms) = postSolution
		{5A45BF58-4F03-4EE4-B960-B2A012F51C2A}.Debug|Any CPU.ActiveCfg = Debug|Any CPU
		{5A45BF58-4F03-4EE4-B960-B2A012F51C2A}.Debug|Any CPU.Build.0 = Debug|Any CPU
		{5A45BF58-4F03-4EE4-B960-B2A012F51C2A}.Debug|x64.ActiveCfg = Debug|x64
		{5A45BF58-4F03-4EE4-B960-B2A012F51C2A}.Debug|x64.Build.0 = Debug|x64
		{5A45BF58-4F03-4EE4-B960-B2A012F51C2A}.Release|Any CPU.ActiveCfg = Release|Any CPU
		{5A45BF58-4F03-4EE4-B960-B2A012F51C2A}.Release|Any CPU.Build.0 = Release|Any CPU
		{5A45BF58-4F03-4EE4-B960-B2A012F51C2A}.Release|x64.ActiveCfg = Debug|x64
		{5A45BF58-4F03-4EE4-B960-B2A012F51C2A}.Release|x64.Build.0 = Debug|x64
	EndGlobalSection
	GlobalSection(SolutionProperties) = preSolution
		HideSolutionNode = FALSE
	EndGlobalSection
	GlobalSection(ExtensibilityGlobals) = postSolution
		SolutionGuid = {36334EBF-0B52-466F-BD9F-0A37974FEC9F}
	EndGlobalSection
EndGlobal
